
Microsoft Visual Studio Solution File, Format Version 12.00
# Visual Studio 15
Project("{FAE04EC0-301F-11D3-BF4B-00C04F79EFBC}") = "Plugin.FirebaseAnalytics", "Plugin.FirebaseAnalytics\Plugin.FirebaseAnalytics.csproj", "{B143E94D-2EA0-47F3-83F8-FF193DF8855B}"
EndProject
Project("{2150E333-8FDC-42A3-9474-1A3956D46DE8}") = "Sample", "Sample", "{6C24E49B-7213-4145-A695-F69DACC5AD6D}"
EndProject
Project("{FAE04EC0-301F-11D3-BF4B-00C04F79EFBC}") = "Plugin.FirebaseAnalytics.Sample", "Plugin.FirebaseAnalytics.Sample\Plugin.FirebaseAnalytics.Sample\Plugin.FirebaseAnalytics.Sample.csproj", "{A56935B1-CDA2-4B51-922D-D47B5F38ABAD}"
EndProject
Project("{FAE04EC0-301F-11D3-BF4B-00C04F79EFBC}") = "Plugin.FirebaseAnalytics.Sample.Android", "Plugin.FirebaseAnalytics.Sample\Plugin.FirebaseAnalytics.Sample.Android\Plugin.FirebaseAnalytics.Sample.Android.csproj", "{1BE43291-4B56-4022-B477-8D29E1E51A67}"
EndProject
Project("{FAE04EC0-301F-11D3-BF4B-00C04F79EFBC}") = "Plugin.FirebaseAnalytics.Sample.iOS", "Plugin.FirebaseAnalytics.Sample\Plugin.FirebaseAnalytics.Sample.iOS\Plugin.FirebaseAnalytics.Sample.iOS.csproj", "{277531AF-DC3A-4374-A659-AD4DA1006524}"
EndProject
Global
	GlobalSection(SolutionConfigurationPlatforms) = preSolution
		Debug|Any CPU = Debug|Any CPU
		Release|Any CPU = Release|Any CPU
		Debug|iPhoneSimulator = Debug|iPhoneSimulator
		Release|iPhoneSimulator = Release|iPhoneSimulator
		Debug|iPhone = Debug|iPhone
		Release|iPhone = Release|iPhone
		Ad-Hoc|iPhone = Ad-Hoc|iPhone
		AppStore|iPhone = AppStore|iPhone
	EndGlobalSection
	GlobalSection(ProjectConfigurationPlatforms) = postSolution
		{B143E94D-2EA0-47F3-83F8-FF193DF8855B}.Debug|Any CPU.ActiveCfg = Debug|Any CPU
		{B143E94D-2EA0-47F3-83F8-FF193DF8855B}.Debug|Any CPU.Build.0 = Debug|Any CPU
		{B143E94D-2EA0-47F3-83F8-FF193DF8855B}.Release|Any CPU.ActiveCfg = Release|Any CPU
		{B143E94D-2EA0-47F3-83F8-FF193DF8855B}.Release|Any CPU.Build.0 = Release|Any CPU
		{B143E94D-2EA0-47F3-83F8-FF193DF8855B}.Debug|iPhoneSimulator.ActiveCfg = Debug|Any CPU
		{B143E94D-2EA0-47F3-83F8-FF193DF8855B}.Debug|iPhoneSimulator.Build.0 = Debug|Any CPU
		{B143E94D-2EA0-47F3-83F8-FF193DF8855B}.Release|iPhoneSimulator.ActiveCfg = Release|Any CPU
		{B143E94D-2EA0-47F3-83F8-FF193DF8855B}.Release|iPhoneSimulator.Build.0 = Release|Any CPU
		{B143E94D-2EA0-47F3-83F8-FF193DF8855B}.Debug|iPhone.ActiveCfg = Debug|Any CPU
		{B143E94D-2EA0-47F3-83F8-FF193DF8855B}.Debug|iPhone.Build.0 = Debug|Any CPU
		{B143E94D-2EA0-47F3-83F8-FF193DF8855B}.Release|iPhone.ActiveCfg = Release|Any CPU
		{B143E94D-2EA0-47F3-83F8-FF193DF8855B}.Release|iPhone.Build.0 = Release|Any CPU
		{B143E94D-2EA0-47F3-83F8-FF193DF8855B}.Ad-Hoc|iPhone.ActiveCfg = Release|Any CPU
		{B143E94D-2EA0-47F3-83F8-FF193DF8855B}.Ad-Hoc|iPhone.Build.0 = Release|Any CPU
		{B143E94D-2EA0-47F3-83F8-FF193DF8855B}.AppStore|iPhone.ActiveCfg = Release|Any CPU
		{B143E94D-2EA0-47F3-83F8-FF193DF8855B}.AppStore|iPhone.Build.0 = Release|Any CPU
		{A56935B1-CDA2-4B51-922D-D47B5F38ABAD}.Debug|Any CPU.ActiveCfg = Debug|Any CPU
		{A56935B1-CDA2-4B51-922D-D47B5F38ABAD}.Debug|Any CPU.Build.0 = Debug|Any CPU
		{A56935B1-CDA2-4B51-922D-D47B5F38ABAD}.Release|Any CPU.ActiveCfg = Release|Any CPU
		{A56935B1-CDA2-4B51-922D-D47B5F38ABAD}.Release|Any CPU.Build.0 = Release|Any CPU
		{A56935B1-CDA2-4B51-922D-D47B5F38ABAD}.Debug|iPhoneSimulator.ActiveCfg = Debug|Any CPU
		{A56935B1-CDA2-4B51-922D-D47B5F38ABAD}.Debug|iPhoneSimulator.Build.0 = Debug|Any CPU
		{A56935B1-CDA2-4B51-922D-D47B5F38ABAD}.Release|iPhoneSimulator.ActiveCfg = Release|Any CPU
		{A56935B1-CDA2-4B51-922D-D47B5F38ABAD}.Release|iPhoneSimulator.Build.0 = Release|Any CPU
		{A56935B1-CDA2-4B51-922D-D47B5F38ABAD}.Debug|iPhone.ActiveCfg = Debug|Any CPU
		{A56935B1-CDA2-4B51-922D-D47B5F38ABAD}.Debug|iPhone.Build.0 = Debug|Any CPU
		{A56935B1-CDA2-4B51-922D-D47B5F38ABAD}.Release|iPhone.ActiveCfg = Release|Any CPU
		{A56935B1-CDA2-4B51-922D-D47B5F38ABAD}.Release|iPhone.Build.0 = Release|Any CPU
		{A56935B1-CDA2-4B51-922D-D47B5F38ABAD}.Ad-Hoc|iPhone.ActiveCfg = Debug|Any CPU
		{A56935B1-CDA2-4B51-922D-D47B5F38ABAD}.Ad-Hoc|iPhone.Build.0 = Debug|Any CPU
		{A56935B1-CDA2-4B51-922D-D47B5F38ABAD}.AppStore|iPhone.ActiveCfg = Debug|Any CPU
		{A56935B1-CDA2-4B51-922D-D47B5F38ABAD}.AppStore|iPhone.Build.0 = Debug|Any CPU
		{1BE43291-4B56-4022-B477-8D29E1E51A67}.Debug|Any CPU.ActiveCfg = Debug|Any CPU
		{1BE43291-4B56-4022-B477-8D29E1E51A67}.Debug|Any CPU.Build.0 = Debug|Any CPU
		{1BE43291-4B56-4022-B477-8D29E1E51A67}.Release|Any CPU.ActiveCfg = Release|Any CPU
		{1BE43291-4B56-4022-B477-8D29E1E51A67}.Release|Any CPU.Build.0 = Release|Any CPU
		{1BE43291-4B56-4022-B477-8D29E1E51A67}.Debug|iPhoneSimulator.ActiveCfg = Debug|Any CPU
		{1BE43291-4B56-4022-B477-8D29E1E51A67}.Debug|iPhoneSimulator.Build.0 = Debug|Any CPU
		{1BE43291-4B56-4022-B477-8D29E1E51A67}.Release|iPhoneSimulator.ActiveCfg = Release|Any CPU
		{1BE43291-4B56-4022-B477-8D29E1E51A67}.Release|iPhoneSimulator.Build.0 = Release|Any CPU
		{1BE43291-4B56-4022-B477-8D29E1E51A67}.Debug|iPhone.ActiveCfg = Debug|Any CPU
		{1BE43291-4B56-4022-B477-8D29E1E51A67}.Debug|iPhone.Build.0 = Debug|Any CPU
		{1BE43291-4B56-4022-B477-8D29E1E51A67}.Release|iPhone.ActiveCfg = Release|Any CPU
		{1BE43291-4B56-4022-B477-8D29E1E51A67}.Release|iPhone.Build.0 = Release|Any CPU
		{1BE43291-4B56-4022-B477-8D29E1E51A67}.Ad-Hoc|iPhone.ActiveCfg = Debug|Any CPU
		{1BE43291-4B56-4022-B477-8D29E1E51A67}.Ad-Hoc|iPhone.Build.0 = Debug|Any CPU
		{1BE43291-4B56-4022-B477-8D29E1E51A67}.AppStore|iPhone.ActiveCfg = Debug|Any CPU
		{1BE43291-4B56-4022-B477-8D29E1E51A67}.AppStore|iPhone.Build.0 = Debug|Any CPU
		{277531AF-DC3A-4374-A659-AD4DA1006524}.Debug|Any CPU.ActiveCfg = Debug|iPhoneSimulator
		{277531AF-DC3A-4374-A659-AD4DA1006524}.Debug|Any CPU.Build.0 = Debug|iPhoneSimulator
		{277531AF-DC3A-4374-A659-AD4DA1006524}.Release|Any CPU.ActiveCfg = Release|iPhoneSimulator
		{277531AF-DC3A-4374-A659-AD4DA1006524}.Release|Any CPU.Build.0 = Release|iPhoneSimulator
		{277531AF-DC3A-4374-A659-AD4DA1006524}.Debug|iPhoneSimulator.ActiveCfg = Debug|iPhoneSimulator
		{277531AF-DC3A-4374-A659-AD4DA1006524}.Debug|iPhoneSimulator.Build.0 = Debug|iPhoneSimulator
		{277531AF-DC3A-4374-A659-AD4DA1006524}.Release|iPhoneSimulator.ActiveCfg = Release|iPhoneSimulator
		{277531AF-DC3A-4374-A659-AD4DA1006524}.Release|iPhoneSimulator.Build.0 = Release|iPhoneSimulator
		{277531AF-DC3A-4374-A659-AD4DA1006524}.Debug|iPhone.ActiveCfg = Debug|iPhone
		{277531AF-DC3A-4374-A659-AD4DA1006524}.Debug|iPhone.Build.0 = Debug|iPhone
		{277531AF-DC3A-4374-A659-AD4DA1006524}.Release|iPhone.ActiveCfg = Release|iPhone
		{277531AF-DC3A-4374-A659-AD4DA1006524}.Release|iPhone.Build.0 = Release|iPhone
		{277531AF-DC3A-4374-A659-AD4DA1006524}.Ad-Hoc|iPhone.ActiveCfg = Ad-Hoc|iPhone
		{277531AF-DC3A-4374-A659-AD4DA1006524}.Ad-Hoc|iPhone.Build.0 = Ad-Hoc|iPhone
		{277531AF-DC3A-4374-A659-AD4DA1006524}.AppStore|iPhone.ActiveCfg = AppStore|iPhone
		{277531AF-DC3A-4374-A659-AD4DA1006524}.AppStore|iPhone.Build.0 = AppStore|iPhone
	EndGlobalSection
	GlobalSection(NestedProjects) = preSolution
		{A56935B1-CDA2-4B51-922D-D47B5F38ABAD} = {6C24E49B-7213-4145-A695-F69DACC5AD6D}
		{1BE43291-4B56-4022-B477-8D29E1E51A67} = {6C24E49B-7213-4145-A695-F69DACC5AD6D}
		{277531AF-DC3A-4374-A659-AD4DA1006524} = {6C24E49B-7213-4145-A695-F69DACC5AD6D}
	EndGlobalSection
EndGlobal
